// !$*UTF8*$!
{
	archiveVersion = 1;
	classes = {
	};
	objectVersion = 46;
	objects = {

/* Begin PBXBuildFile section */
		9E752FA11C188C8600FC618E /* AppDelegate.swift in Sources */ = {isa = PBXBuildFile; fileRef = 9E752FA01C188C8600FC618E /* AppDelegate.swift */; };
		9E752FA31C188C8600FC618E /* ViewController.swift in Sources */ = {isa = PBXBuildFile; fileRef = 9E752FA21C188C8600FC618E /* ViewController.swift */; };
		9E752FA61C188C8600FC618E /* Main.storyboard in Resources */ = {isa = PBXBuildFile; fileRef = 9E752FA41C188C8600FC618E /* Main.storyboard */; };
		9E752FA81C188C8600FC618E /* Assets.xcassets in Resources */ = {isa = PBXBuildFile; fileRef = 9E752FA71C188C8600FC618E /* Assets.xcassets */; };
		9E752FAB1C188C8600FC618E /* LaunchScreen.storyboard in Resources */ = {isa = PBXBuildFile; fileRef = 9E752FA91C188C8600FC618E /* LaunchScreen.storyboard */; };
		9E752FB31C188CAA00FC618E /* Geth.framework in Frameworks */ = {isa = PBXBuildFile; fileRef = 9E752FB21C188CAA00FC618E /* Geth.framework */; };
		9E752FB71C1895BD00FC618E /* wallet in Resources */ = {isa = PBXBuildFile; fileRef = 9E752FB61C1895BD00FC618E /* wallet */; };
/* End PBXBuildFile section */

/* Begin PBXFileReference section */
		9E752F9D1C188C8600FC618E /* iWallet.app */ = {isa = PBXFileReference; explicitFileType = wrapper.application; includeInIndex = 0; path = iWallet.app; sourceTree = BUILT_PRODUCTS_DIR; };
		9E752FA01C188C8600FC618E /* AppDelegate.swift */ = {isa = PBXFileReference; lastKnownFileType = sourcecode.swift; path = AppDelegate.swift; sourceTree = "<group>"; };
		9E752FA21C188C8600FC618E /* ViewController.swift */ = {isa = PBXFileReference; lastKnownFileType = sourcecode.swift; path = ViewController.swift; sourceTree = "<group>"; };
		9E752FA51C188C8600FC618E /* Base */ = {isa = PBXFileReference; lastKnownFileType = file.storyboard; name = Base; path = Base.lproj/Main.storyboard; sourceTree = "<group>"; };
		9E752FA71C188C8600FC618E /* Assets.xcassets */ = {isa = PBXFileReference; lastKnownFileType = folder.assetcatalog; path = Assets.xcassets; sourceTree = "<group>"; };
		9E752FAA1C188C8600FC618E /* Base */ = {isa = PBXFileReference; lastKnownFileType = file.storyboard; name = Base; path = Base.lproj/LaunchScreen.storyboard; sourceTree = "<group>"; };
		9E752FAC1C188C8600FC618E /* Info.plist */ = {isa = PBXFileReference; lastKnownFileType = text.plist.xml; path = Info.plist; sourceTree = "<group>"; };
		9E752FB21C188CAA00FC618E /* Geth.framework */ = {isa = PBXFileReference; lastKnownFileType = wrapper.framework; path = Geth.framework; sourceTree = "<group>"; };
		9E752FB61C1895BD00FC618E /* wallet */ = {isa = PBXFileReference; lastKnownFileType = folder; path = wallet; sourceTree = "<group>"; };
/* End PBXFileReference section */

/* Begin PBXFrameworksBuildPhase section */
		9E752F9A1C188C8600FC618E /* Frameworks */ = {
			isa = PBXFrameworksBuildPhase;
			buildActionMask = 2147483647;
			files = (
				9E752FB31C188CAA00FC618E /* Geth.framework in Frameworks */,
			);
			runOnlyForDeploymentPostprocessing = 0;
		};
/* End PBXFrameworksBuildPhase section */

/* Begin PBXGroup section */
		9E752F941C188C8600FC618E = {
			isa = PBXGroup;
			children = (
				9E752FB21C188CAA00FC618E /* Geth.framework */,
				9E752F9F1C188C8600FC618E /* iWallet */,
				9E752F9E1C188C8600FC618E /* Products */,
			);
			sourceTree = "<group>";
		};
		9E752F9E1C188C8600FC618E /* Products */ = {
			isa = PBXGroup;
			children = (
				9E752F9D1C188C8600FC618E /* iWallet.app */,
			);
			name = Products;
			sourceTree = "<group>";
		};
		9E752F9F1C188C8600FC618E /* iWallet */ = {
			isa = PBXGroup;
			children = (
				9E752FB61C1895BD00FC618E /* wallet */,
				9E752FA01C188C8600FC618E /* AppDelegate.swift */,
				9E752FA21C188C8600FC618E /* ViewController.swift */,
				9E752FA41C188C8600FC618E /* Main.storyboard */,
				9E752FA71C188C8600FC618E /* Assets.xcassets */,
				9E752FA91C188C8600FC618E /* LaunchScreen.storyboard */,
				9E752FAC1C188C8600FC618E /* Info.plist */,
			);
			path = iWallet;
			sourceTree = "<group>";
		};
/* End PBXGroup section */

/* Begin PBXNativeTarget section */
		9E752F9C1C188C8600FC618E /* iWallet */ = {
			isa = PBXNativeTarget;
			buildConfigurationList = 9E752FAF1C188C8600FC618E /* Build configuration list for PBXNativeTarget "iWallet" */;
			buildPhases = (
				9E752F991C188C8600FC618E /* Sources */,
				9E752F9A1C188C8600FC618E /* Frameworks */,
				9E752F9B1C188C8600FC618E /* Resources */,
			);
			buildRules = (
			);
			dependencies = (
			);
			name = iWallet;
			productName = iWallet;
			productReference = 9E752F9D1C188C8600FC618E /* iWallet.app */;
			productType = "com.apple.product-type.application";
		};
/* End PBXNativeTarget section */

/* Begin PBXProject section */
		9E752F951C188C8600FC618E /* Project object */ = {
			isa = PBXProject;
			attributes = {
				LastSwiftUpdateCheck = 0710;
				LastUpgradeCheck = 0710;
				ORGANIZATIONNAME = karalabe;
				TargetAttributes = {
					9E752F9C1C188C8600FC618E = {
						CreatedOnToolsVersion = 7.1.1;
					};
				};
			};
			buildConfigurationList = 9E752F981C188C8600FC618E /* Build configuration list for PBXProject "iWallet" */;
			compatibilityVersion = "Xcode 3.2";
			developmentRegion = English;
			hasScannedForEncodings = 0;
			knownRegions = (
				en,
				Base,
			);
			mainGroup = 9E752F941C188C8600FC618E;
			productRefGroup = 9E752F9E1C188C8600FC618E /* Products */;
			projectDirPath = "";
			projectRoot = "";
			targets = (
				9E752F9C1C188C8600FC618E /* iWallet */,
			);
		};
/* End PBXProject section */

/* Begin PBXResourcesBuildPhase section */
		9E752F9B1C188C8600FC618E /* Resources */ = {
			isa = PBXResourcesBuildPhase;
			buildActionMask = 2147483647;
			files = (
				9E752FAB1C188C8600FC618E /* LaunchScreen.storyboard in Resources */,
				9E752FA81C188C8600FC618E /* Assets.xcassets in Resources */,
				9E752FA61C188C8600FC618E /* Main.storyboard in Resources */,
				9E752FB71C1895BD00FC618E /* wallet in Resources */,
			);
			runOnlyForDeploymentPostprocessing = 0;
		};
/* End PBXResourcesBuildPhase section */

/* Begin PBXSourcesBuildPhase section */
		9E752F991C188C8600FC618E /* Sources */ = {
			isa = PBXSourcesBuildPhase;
			buildActionMask = 2147483647;
			files = (
				9E752FA31C188C8600FC618E /* ViewController.swift in Sources */,
				9E752FA11C188C8600FC618E /* AppDelegate.swift in Sources */,
			);
			runOnlyForDeploymentPostprocessing = 0;
		};
/* End PBXSourcesBuildPhase section */

/* Begin PBXVariantGroup section */
		9E752FA41C188C8600FC618E /* Main.storyboard */ = {
			isa = PBXVariantGroup;
			children = (
				9E752FA51C188C8600FC618E /* Base */,
			);
			name = Main.storyboard;
			sourceTree = "<group>";
		};
		9E752FA91C188C8600FC618E /* LaunchScreen.storyboard */ = {
			isa = PBXVariantGroup;
			children = (
				9E752FAA1C188C8600FC618E /* Base */,
			);
			name = LaunchScreen.storyboard;
			sourceTree = "<group>";
		};
/* End PBXVariantGroup section */

/* Begin XCBuildConfiguration section */
		9E752FAD1C188C8600FC618E /* Debug */ = {
			isa = XCBuildConfiguration;
			buildSettings = {
				ALWAYS_SEARCH_USER_PATHS = NO;
				CLANG_CXX_LANGUAGE_STANDARD = "gnu++0x";
				CLANG_CXX_LIBRARY = "libc++";
				CLANG_ENABLE_MODULES = YES;
				CLANG_ENABLE_OBJC_ARC = YES;
				CLANG_WARN_BOOL_CONVERSION = YES;
				CLANG_WARN_CONSTANT_CONVERSION = YES;
				CLANG_WARN_DIRECT_OBJC_ISA_USAGE = YES_ERROR;
				CLANG_WARN_EMPTY_BODY = YES;
				CLANG_WARN_ENUM_CONVERSION = YES;
				CLANG_WARN_INT_CONVERSION = YES;
				CLANG_WARN_OBJC_ROOT_CLASS = YES_ERROR;
				CLANG_WARN_UNREACHABLE_CODE = YES;
				CLANG_WARN__DUPLICATE_METHOD_MATCH = YES;
				"CODE_SIGN_IDENTITY[sdk=iphoneos*]" = "iPhone Developer";
				COPY_PHASE_STRIP = NO;
				DEBUG_INFORMATION_FORMAT = dwarf;
				ENABLE_STRICT_OBJC_MSGSEND = YES;
				ENABLE_TESTABILITY = YES;
				GCC_C_LANGUAGE_STANDARD = gnu99;
				GCC_DYNAMIC_NO_PIC = NO;
				GCC_NO_COMMON_BLOCKS = YES;
				GCC_OPTIMIZATION_LEVEL = 0;
				GCC_PREPROCESSOR_DEFINITIONS = (
					"DEBUG=1",
					"$(inherited)",
				);
				GCC_WARN_64_TO_32_BIT_CONVERSION = YES;
				GCC_WARN_ABOUT_RETURN_TYPE = YES_ERROR;
				GCC_WARN_UNDECLARED_SELECTOR = YES;
				GCC_WARN_UNINITIALIZED_AUTOS = YES_AGGRESSIVE;
				GCC_WARN_UNUSED_FUNCTION = YES;
				GCC_WARN_UNUSED_VARIABLE = YES;
				IPHONEOS_DEPLOYMENT_TARGET = 9.1;
				MTL_ENABLE_DEBUG_INFO = YES;
				ONLY_ACTIVE_ARCH = YES;
				SDKROOT = iphoneos;
				SWIFT_OPTIMIZATION_LEVEL = "-Onone";
				TARGETED_DEVICE_FAMILY = "1,2";
			};
			name = Debug;
		};
		9E752FAE1C188C8600FC618E /* Release */ = {
			isa = XCBuildConfiguration;
			buildSettings = {
				ALWAYS_SEARCH_USER_PATHS = NO;
				CLANG_CXX_LANGUAGE_STANDARD = "gnu++0x";
				CLANG_CXX_LIBRARY = "libc++";
				CLANG_ENABLE_MODULES = YES;
				CLANG_ENABLE_OBJC_ARC = YES;
				CLANG_WARN_BOOL_CONVERSION = YES;
				CLANG_WARN_CONSTANT_CONVERSION = YES;
				CLANG_WARN_DIRECT_OBJC_ISA_USAGE = YES_ERROR;
				CLANG_WARN_EMPTY_BODY = YES;
				CLANG_WARN_ENUM_CONVERSION = YES;
				CLANG_WARN_INT_CONVERSION = YES;
				CLANG_WARN_OBJC_ROOT_CLASS = YES_ERROR;
				CLANG_WARN_UNREACHABLE_CODE = YES;
				CLANG_WARN__DUPLICATE_METHOD_MATCH = YES;
				"CODE_SIGN_IDENTITY[sdk=iphoneos*]" = "iPhone Developer";
				COPY_PHASE_STRIP = NO;
				DEBUG_INFORMATION_FORMAT = "dwarf-with-dsym";
				ENABLE_NS_ASSERTIONS = NO;
				ENABLE_STRICT_OBJC_MSGSEND = YES;
				GCC_C_LANGUAGE_STANDARD = gnu99;
				GCC_NO_COMMON_BLOCKS = YES;
				GCC_WARN_64_TO_32_BIT_CONVERSION = YES;
				GCC_WARN_ABOUT_RETURN_TYPE = YES_ERROR;
				GCC_WARN_UNDECLARED_SELECTOR = YES;
				GCC_WARN_UNINITIALIZED_AUTOS = YES_AGGRESSIVE;
				GCC_WARN_UNUSED_FUNCTION = YES;
				GCC_WARN_UNUSED_VARIABLE = YES;
				IPHONEOS_DEPLOYMENT_TARGET = 9.1;
				MTL_ENABLE_DEBUG_INFO = NO;
				SDKROOT = iphoneos;
				TARGETED_DEVICE_FAMILY = "1,2";
				VALIDATE_PRODUCT = YES;
			};
			name = Release;
		};
		9E752FB01C188C8600FC618E /* Debug */ = {
			isa = XCBuildConfiguration;
			buildSettings = {
				ASSETCATALOG_COMPILER_APPICON_NAME = AppIcon;
				FRAMEWORK_SEARCH_PATHS = (
					"$(inherited)",
					"$(PROJECT_DIR)",
				);
				INFOPLIST_FILE = iWallet/Info.plist;
				LD_RUNPATH_SEARCH_PATHS = "$(inherited) @executable_path/Frameworks";
				PRODUCT_BUNDLE_IDENTIFIER = org.ethereum.iWallet;
				PRODUCT_NAME = "$(TARGET_NAME)";
			};
			name = Debug;
		};
		9E752FB11C188C8600FC618E /* Release */ = {
			isa = XCBuildConfiguration;
			buildSettings = {
				ASSETCATALOG_COMPILER_APPICON_NAME = AppIcon;
				FRAMEWORK_SEARCH_PATHS = (
					"$(inherited)",
					"$(PROJECT_DIR)",
				);
				INFOPLIST_FILE = iWallet/Info.plist;
				LD_RUNPATH_SEARCH_PATHS = "$(inherited) @executable_path/Frameworks";
				PRODUCT_BUNDLE_IDENTIFIER = org.ethereum.iWallet;
				PRODUCT_NAME = "$(TARGET_NAME)";
			};
			name = Release;
		};
/* End XCBuildConfiguration section */

/* Begin XCConfigurationList section */
		9E752F981C188C8600FC618E /* Build configuration list for PBXProject "iWallet" */ = {
			isa = XCConfigurationList;
			buildConfigurations = (
				9E752FAD1C188C8600FC618E /* Debug */,
				9E752FAE1C188C8600FC618E /* Release */,
			);
			defaultConfigurationIsVisible = 0;
			defaultConfigurationName = Release;
		};
		9E752FAF1C188C8600FC618E /* Build configuration list for PBXNativeTarget "iWallet" */ = {
			isa = XCConfigurationList;
			buildConfigurations = (
				9E752FB01C188C8600FC618E /* Debug */,
				9E752FB11C188C8600FC618E /* Release */,
			);
			defaultConfigurationIsVisible = 0;
		};
/* End XCConfigurationList section */
	};
	rootObject = 9E752F951C188C8600FC618E /* Project object */;
}
